
Microsoft Visual Studio Solution File, Format Version 12.00
# Visual Studio Version 17
VisualStudioVersion = 17.0.31903.59
MinimumVisualStudioVersion = 10.0.40219.1
Project("{FAE04EC0-301F-11D3-BF4B-00C04F79EFBC}") = "Bass.Core", "Bass.Core\Bass.Core.csproj", "{7AF31D39-1A3C-489A-AD80-C1D0FA7FC0B2}"
EndProject
Project("{FAE04EC0-301F-11D3-BF4B-00C04F79EFBC}") = "Bass.Core.Test", "Bass.Core.Test\Bass.Core.Test.csproj", "{391F14ED-79B8-41C8-8810-FB90786AEA45}"
EndProject
Project("{FAE04EC0-301F-11D3-BF4B-00C04F79EFBC}") = "Bass.BW", "Bass.BW\Bass.BW.csproj", "{14986BAA-0016-4566-A01D-562CACC3A796}"
EndProject
Project("{FAE04EC0-301F-11D3-BF4B-00C04F79EFBC}") = "Bass.BW.Test", "Bass.BW.Test\Bass.BW.Test.csproj", "{F64519E8-9B8F-4511-AEFF-E1A1A5B5024D}"
EndProject
Global
	GlobalSection(SolutionConfigurationPlatforms) = preSolution
		Debug|Any CPU = Debug|Any CPU
		Debug|x64 = Debug|x64
		Debug|x86 = Debug|x86
		Release|Any CPU = Release|Any CPU
		Release|x64 = Release|x64
		Release|x86 = Release|x86
	EndGlobalSection
	GlobalSection(ProjectConfigurationPlatforms) = postSolution
		{7AF31D39-1A3C-489A-AD80-C1D0FA7FC0B2}.Debug|Any CPU.ActiveCfg = Debug|Any CPU
		{7AF31D39-1A3C-489A-AD80-C1D0FA7FC0B2}.Debug|Any CPU.Build.0 = Debug|Any CPU
		{7AF31D39-1A3C-489A-AD80-C1D0FA7FC0B2}.Debug|x64.ActiveCfg = Debug|Any CPU
		{7AF31D39-1A3C-489A-AD80-C1D0FA7FC0B2}.Debug|x64.Build.0 = Debug|Any CPU
		{7AF31D39-1A3C-489A-AD80-C1D0FA7FC0B2}.Debug|x86.ActiveCfg = Debug|Any CPU
		{7AF31D39-1A3C-489A-AD80-C1D0FA7FC0B2}.Debug|x86.Build.0 = Debug|Any CPU
		{7AF31D39-1A3C-489A-AD80-C1D0FA7FC0B2}.Release|Any CPU.ActiveCfg = Release|Any CPU
		{7AF31D39-1A3C-489A-AD80-C1D0FA7FC0B2}.Release|Any CPU.Build.0 = Release|Any CPU
		{7AF31D39-1A3C-489A-AD80-C1D0FA7FC0B2}.Release|x64.ActiveCfg = Release|Any CPU
		{7AF31D39-1A3C-489A-AD80-C1D0FA7FC0B2}.Release|x64.Build.0 = Release|Any CPU
		{7AF31D39-1A3C-489A-AD80-C1D0FA7FC0B2}.Release|x86.ActiveCfg = Release|Any CPU
		{7AF31D39-1A3C-489A-AD80-C1D0FA7FC0B2}.Release|x86.Build.0 = Release|Any CPU
		{391F14ED-79B8-41C8-8810-FB90786AEA45}.Debug|Any CPU.ActiveCfg = Debug|Any CPU
		{391F14ED-79B8-41C8-8810-FB90786AEA45}.Debug|Any CPU.Build.0 = Debug|Any CPU
		{391F14ED-79B8-41C8-8810-FB90786AEA45}.Debug|x64.ActiveCfg = Debug|Any CPU
		{391F14ED-79B8-41C8-8810-FB90786AEA45}.Debug|x64.Build.0 = Debug|Any CPU
		{391F14ED-79B8-41C8-8810-FB90786AEA45}.Debug|x86.ActiveCfg = Debug|Any CPU
		{391F14ED-79B8-41C8-8810-FB90786AEA45}.Debug|x86.Build.0 = Debug|Any CPU
		{391F14ED-79B8-41C8-8810-FB90786AEA45}.Release|Any CPU.ActiveCfg = Release|Any CPU
		{391F14ED-79B8-41C8-8810-FB90786AEA45}.Release|Any CPU.Build.0 = Release|Any CPU
		{391F14ED-79B8-41C8-8810-FB90786AEA45}.Release|x64.ActiveCfg = Release|Any CPU
		{391F14ED-79B8-41C8-8810-FB90786AEA45}.Release|x64.Build.0 = Release|Any CPU
		{391F14ED-79B8-41C8-8810-FB90786AEA45}.Release|x86.ActiveCfg = Release|Any CPU
		{391F14ED-79B8-41C8-8810-FB90786AEA45}.Release|x86.Build.0 = Release|Any CPU
		{14986BAA-0016-4566-A01D-562CACC3A796}.Debug|Any CPU.ActiveCfg = Debug|Any CPU
		{14986BAA-0016-4566-A01D-562CACC3A796}.Debug|Any CPU.Build.0 = Debug|Any CPU
		{14986BAA-0016-4566-A01D-562CACC3A796}.Debug|x64.ActiveCfg = Debug|Any CPU
		{14986BAA-0016-4566-A01D-562CACC3A796}.Debug|x64.Build.0 = Debug|Any CPU
		{14986BAA-0016-4566-A01D-562CACC3A796}.Debug|x86.ActiveCfg = Debug|Any CPU
		{14986BAA-0016-4566-A01D-562CACC3A796}.Debug|x86.Build.0 = Debug|Any CPU
		{14986BAA-0016-4566-A01D-562CACC3A796}.Release|Any CPU.ActiveCfg = Release|Any CPU
		{14986BAA-0016-4566-A01D-562CACC3A796}.Release|Any CPU.Build.0 = Release|Any CPU
		{14986BAA-0016-4566-A01D-562CACC3A796}.Release|x64.ActiveCfg = Release|Any CPU
		{14986BAA-0016-4566-A01D-562CACC3A796}.Release|x64.Build.0 = Release|Any CPU
		{14986BAA-0016-4566-A01D-562CACC3A796}.Release|x86.ActiveCfg = Release|Any CPU
		{14986BAA-0016-4566-A01D-562CACC3A796}.Release|x86.Build.0 = Release|Any CPU
		{F64519E8-9B8F-4511-AEFF-E1A1A5B5024D}.Debug|Any CPU.ActiveCfg = Debug|Any CPU
		{F64519E8-9B8F-4511-AEFF-E1A1A5B5024D}.Debug|Any CPU.Build.0 = Debug|Any CPU
		{F64519E8-9B8F-4511-AEFF-E1A1A5B5024D}.Debug|x64.ActiveCfg = Debug|Any CPU
		{F64519E8-9B8F-4511-AEFF-E1A1A5B5024D}.Debug|x64.Build.0 = Debug|Any CPU
		{F64519E8-9B8F-4511-AEFF-E1A1A5B5024D}.Debug|x86.ActiveCfg = Debug|Any CPU
		{F64519E8-9B8F-4511-AEFF-E1A1A5B5024D}.Debug|x86.Build.0 = Debug|Any CPU
		{F64519E8-9B8F-4511-AEFF-E1A1A5B5024D}.Release|Any CPU.ActiveCfg = Release|Any CPU
		{F64519E8-9B8F-4511-AEFF-E1A1A5B5024D}.Release|Any CPU.Build.0 = Release|Any CPU
		{F64519E8-9B8F-4511-AEFF-E1A1A5B5024D}.Release|x64.ActiveCfg = Release|Any CPU
		{F64519E8-9B8F-4511-AEFF-E1A1A5B5024D}.Release|x64.Build.0 = Release|Any CPU
		{F64519E8-9B8F-4511-AEFF-E1A1A5B5024D}.Release|x86.ActiveCfg = Release|Any CPU
		{F64519E8-9B8F-4511-AEFF-E1A1A5B5024D}.Release|x86.Build.0 = Release|Any CPU
	EndGlobalSection
	GlobalSection(SolutionProperties) = preSolution
		HideSolutionNode = FALSE
	EndGlobalSection
EndGlobal
